PODS:
  - InstantSearchVoiceOverlay (1.2.0)
  - R.swift (7.3.2)

DEPENDENCIES:
  - InstantSearchVoiceOverlay
  - R.swift

SPEC REPOS:
  trunk:
    - InstantSearchVoiceOverlay
    - R.swift

SPEC CHECKSUMS:
  InstantSearchVoiceOverlay: d9d5db7314ec8416dcf4ed49df2000e8ee0abe2b
  R.swift: 0af0d882f49f03711415cb4e5215daa977d8a480

PODFILE CHECKSUM: cba8f6309ba919f481798c7da6b55c57478fd261

COCOAPODS: 1.12.1
