PODS:
  - InstantSearchVoiceOverlay (1.2.0)
  - R.swift (7.3.2)

DEPENDENCIES:
  - InstantSearchVoiceOverlay
  - R.swift

SPEC REPOS:
  trunk:
    - InstantSearchVoiceOverlay
    - R.swift

SPEC CHECKSUMS:
  InstantSearchVoiceOverlay: d9d5db7314ec8416dcf4ed49df2000e8ee0abe2b
  R.swift: 0af0d882f49f03711415cb4e5215daa977d8a480

PODFILE CHECKSUM: c089321b96472586e2fb822e4635d96713708ce6

COCOAPODS: 1.12.1
